// !$*UTF8*$!
{
	archiveVersion = 1;
	classes = {
	};
	objectVersion = 56;
	objects = {

/* Begin PBXBuildFile section */
		B07973EC298C6F2500338BA1 /* HorizonCalendar in Frameworks */ = {isa = PBXBuildFile; productRef = B07973EB298C6F2500338BA1 /* HorizonCalendar */; };
		B07973EE298D894600338BA1 /* SpacedLabel.swift in Sources */ = {isa = PBXBuildFile; fileRef = B07973ED298D894600338BA1 /* SpacedLabel.swift */; };
		B0ACB02B298883F000664508 /* AppDelegate.swift in Sources */ = {isa = PBXBuildFile; fileRef = B0ACB02A298883F000664508 /* AppDelegate.swift */; };
		B0ACB02D298883F000664508 /* SceneDelegate.swift in Sources */ = {isa = PBXBuildFile; fileRef = B0ACB02C298883F000664508 /* SceneDelegate.swift */; };
		B0ACB02F298883F000664508 /* HomeVC.swift in Sources */ = {isa = PBXBuildFile; fileRef = B0ACB02E298883F000664508 /* HomeVC.swift */; };
		B0ACB035298883F000664508 /* SquatReminder.xcdatamodeld in Sources */ = {isa = PBXBuildFile; fileRef = B0ACB033298883F000664508 /* SquatReminder.xcdatamodeld */; };
		B0ACB037298883F200664508 /* Assets.xcassets in Resources */ = {isa = PBXBuildFile; fileRef = B0ACB036298883F200664508 /* Assets.xcassets */; };
		B0ACB045298883F200664508 /* SquatReminderTests.swift in Sources */ = {isa = PBXBuildFile; fileRef = B0ACB044298883F200664508 /* SquatReminderTests.swift */; };
		B0ACB04F298883F200664508 /* SquatReminderUITests.swift in Sources */ = {isa = PBXBuildFile; fileRef = B0ACB04E298883F200664508 /* SquatReminderUITests.swift */; };
		B0ACB051298883F200664508 /* SquatReminderUITestsLaunchTests.swift in Sources */ = {isa = PBXBuildFile; fileRef = B0ACB050298883F200664508 /* SquatReminderUITestsLaunchTests.swift */; };
		B0ACB06A2988D77400664508 /* Buttons.swift in Sources */ = {isa = PBXBuildFile; fileRef = B0ACB0692988D77400664508 /* Buttons.swift */; };
		B0ACB06C29897DEA00664508 /* ColorManager.swift in Sources */ = {isa = PBXBuildFile; fileRef = B0ACB06B29897DEA00664508 /* ColorManager.swift */; };
		B0ACB06E298985FF00664508 /* TodayView.swift in Sources */ = {isa = PBXBuildFile; fileRef = B0ACB06D298985FF00664508 /* TodayView.swift */; };
		B0ACB0722989860F00664508 /* MonthView.swift in Sources */ = {isa = PBXBuildFile; fileRef = B0ACB0712989860F00664508 /* MonthView.swift */; };
		B0ACB0742989996800664508 /* WeeklyView.swift in Sources */ = {isa = PBXBuildFile; fileRef = B0ACB0732989996800664508 /* WeeklyView.swift */; };
		B0ACB0782989BBB900664508 /* SettingsVC.swift in Sources */ = {isa = PBXBuildFile; fileRef = B0ACB0772989BBB900664508 /* SettingsVC.swift */; };
		B0ACB07A2989DAA200664508 /* WelcomeView.swift in Sources */ = {isa = PBXBuildFile; fileRef = B0ACB0792989DAA200664508 /* WelcomeView.swift */; };
		B0ACB082298AEA4B00664508 /* BarChartKit-static in Frameworks */ = {isa = PBXBuildFile; productRef = B0ACB081298AEA4B00664508 /* BarChartKit-static */; };
		B0ACB086298B2B4800664508 /* CardView.swift in Sources */ = {isa = PBXBuildFile; fileRef = B0ACB085298B2B4800664508 /* CardView.swift */; };
		B0C15952298EBEF0006EC7C0 /* DescriptionLabel.swift in Sources */ = {isa = PBXBuildFile; fileRef = B0C15951298EBEF0006EC7C0 /* DescriptionLabel.swift */; };
		B0C15959298F025D006EC7C0 /* NotificationView.swift in Sources */ = {isa = PBXBuildFile; fileRef = B0C15958298F025D006EC7C0 /* NotificationView.swift */; };
		B0C1595B298F04E3006EC7C0 /* SquatButtonView.swift in Sources */ = {isa = PBXBuildFile; fileRef = B0C1595A298F04E3006EC7C0 /* SquatButtonView.swift */; };
		B0C1595D298F25B6006EC7C0 /* MaxSquatView.swift in Sources */ = {isa = PBXBuildFile; fileRef = B0C1595C298F25B6006EC7C0 /* MaxSquatView.swift */; };
/* End PBXBuildFile section */

/* Begin PBXContainerItemProxy section */
		B0ACB041298883F200664508 /* PBXContainerItemProxy */ = {
			isa = PBXContainerItemProxy;
			containerPortal = B0ACB01F298883F000664508 /* Project object */;
			proxyType = 1;
			remoteGlobalIDString = B0ACB026298883F000664508;
			remoteInfo = SquatReminder;
		};
		B0ACB04B298883F200664508 /* PBXContainerItemProxy */ = {
			isa = PBXContainerItemProxy;
			containerPortal = B0ACB01F298883F000664508 /* Project object */;
			proxyType = 1;
			remoteGlobalIDString = B0ACB026298883F000664508;
			remoteInfo = SquatReminder;
		};
/* End PBXContainerItemProxy section */

/* Begin PBXFileReference section */
		B07973ED298D894600338BA1 /* SpacedLabel.swift */ = {isa = PBXFileReference; lastKnownFileType = sourcecode.swift; path = SpacedLabel.swift; sourceTree = "<group>"; };
		B0ACB027298883F000664508 /* SquatReminder.app */ = {isa = PBXFileReference; explicitFileType = wrapper.application; includeInIndex = 0; path = SquatReminder.app; sourceTree = BUILT_PRODUCTS_DIR; };
		B0ACB02A298883F000664508 /* AppDelegate.swift */ = {isa = PBXFileReference; lastKnownFileType = sourcecode.swift; path = AppDelegate.swift; sourceTree = "<group>"; };
		B0ACB02C298883F000664508 /* SceneDelegate.swift */ = {isa = PBXFileReference; lastKnownFileType = sourcecode.swift; path = SceneDelegate.swift; sourceTree = "<group>"; };
		B0ACB02E298883F000664508 /* HomeVC.swift */ = {isa = PBXFileReference; lastKnownFileType = sourcecode.swift; path = HomeVC.swift; sourceTree = "<group>"; };
		B0ACB034298883F000664508 /* SquatReminder.xcdatamodel */ = {isa = PBXFileReference; lastKnownFileType = wrapper.xcdatamodel; path = SquatReminder.xcdatamodel; sourceTree = "<group>"; };
		B0ACB036298883F200664508 /* Assets.xcassets */ = {isa = PBXFileReference; lastKnownFileType = folder.assetcatalog; path = Assets.xcassets; sourceTree = "<group>"; };
		B0ACB03B298883F200664508 /* Info.plist */ = {isa = PBXFileReference; lastKnownFileType = text.plist.xml; path = Info.plist; sourceTree = "<group>"; };
		B0ACB040298883F200664508 /* SquatReminderTests.xctest */ = {isa = PBXFileReference; explicitFileType = wrapper.cfbundle; includeInIndex = 0; path = SquatReminderTests.xctest; sourceTree = BUILT_PRODUCTS_DIR; };
		B0ACB044298883F200664508 /* SquatReminderTests.swift */ = {isa = PBXFileReference; lastKnownFileType = sourcecode.swift; path = SquatReminderTests.swift; sourceTree = "<group>"; };
		B0ACB04A298883F200664508 /* SquatReminderUITests.xctest */ = {isa = PBXFileReference; explicitFileType = wrapper.cfbundle; includeInIndex = 0; path = SquatReminderUITests.xctest; sourceTree = BUILT_PRODUCTS_DIR; };
		B0ACB04E298883F200664508 /* SquatReminderUITests.swift */ = {isa = PBXFileReference; lastKnownFileType = sourcecode.swift; path = SquatReminderUITests.swift; sourceTree = "<group>"; };
		B0ACB050298883F200664508 /* SquatReminderUITestsLaunchTests.swift */ = {isa = PBXFileReference; lastKnownFileType = sourcecode.swift; path = SquatReminderUITestsLaunchTests.swift; sourceTree = "<group>"; };
		B0ACB0692988D77400664508 /* Buttons.swift */ = {isa = PBXFileReference; lastKnownFileType = sourcecode.swift; path = Buttons.swift; sourceTree = "<group>"; };
		B0ACB06B29897DEA00664508 /* ColorManager.swift */ = {isa = PBXFileReference; lastKnownFileType = sourcecode.swift; path = ColorManager.swift; sourceTree = "<group>"; };
		B0ACB06D298985FF00664508 /* TodayView.swift */ = {isa = PBXFileReference; lastKnownFileType = sourcecode.swift; path = TodayView.swift; sourceTree = "<group>"; };
		B0ACB0712989860F00664508 /* MonthView.swift */ = {isa = PBXFileReference; lastKnownFileType = sourcecode.swift; path = MonthView.swift; sourceTree = "<group>"; };
		B0ACB0732989996800664508 /* WeeklyView.swift */ = {isa = PBXFileReference; lastKnownFileType = sourcecode.swift; path = WeeklyView.swift; sourceTree = "<group>"; };
		B0ACB0772989BBB900664508 /* SettingsVC.swift */ = {isa = PBXFileReference; lastKnownFileType = sourcecode.swift; path = SettingsVC.swift; sourceTree = "<group>"; };
		B0ACB0792989DAA200664508 /* WelcomeView.swift */ = {isa = PBXFileReference; lastKnownFileType = sourcecode.swift; path = WelcomeView.swift; sourceTree = "<group>"; };
		B0ACB085298B2B4800664508 /* CardView.swift */ = {isa = PBXFileReference; lastKnownFileType = sourcecode.swift; path = CardView.swift; sourceTree = "<group>"; };
		B0C15951298EBEF0006EC7C0 /* DescriptionLabel.swift */ = {isa = PBXFileReference; lastKnownFileType = sourcecode.swift; path = DescriptionLabel.swift; sourceTree = "<group>"; };
		B0C15958298F025D006EC7C0 /* NotificationView.swift */ = {isa = PBXFileReference; lastKnownFileType = sourcecode.swift; path = NotificationView.swift; sourceTree = "<group>"; };
		B0C1595A298F04E3006EC7C0 /* SquatButtonView.swift */ = {isa = PBXFileReference; lastKnownFileType = sourcecode.swift; path = SquatButtonView.swift; sourceTree = "<group>"; };
		B0C1595C298F25B6006EC7C0 /* MaxSquatView.swift */ = {isa = PBXFileReference; lastKnownFileType = sourcecode.swift; path = MaxSquatView.swift; sourceTree = "<group>"; };
/* End PBXFileReference section */

/* Begin PBXFrameworksBuildPhase section */
		B0ACB024298883F000664508 /* Frameworks */ = {
			isa = PBXFrameworksBuildPhase;
			buildActionMask = 2147483647;
			files = (
				B07973EC298C6F2500338BA1 /* HorizonCalendar in Frameworks */,
				B0ACB082298AEA4B00664508 /* BarChartKit-static in Frameworks */,
			);
			runOnlyForDeploymentPostprocessing = 0;
		};
		B0ACB03D298883F200664508 /* Frameworks */ = {
			isa = PBXFrameworksBuildPhase;
			buildActionMask = 2147483647;
			files = (
			);
			runOnlyForDeploymentPostprocessing = 0;
		};
		B0ACB047298883F200664508 /* Frameworks */ = {
			isa = PBXFrameworksBuildPhase;
			buildActionMask = 2147483647;
			files = (
			);
			runOnlyForDeploymentPostprocessing = 0;
		};
/* End PBXFrameworksBuildPhase section */

/* Begin PBXGroup section */
		B0ACB01E298883F000664508 = {
			isa = PBXGroup;
			children = (
				B0ACB029298883F000664508 /* SquatReminder */,
				B0ACB043298883F200664508 /* SquatReminderTests */,
				B0ACB04D298883F200664508 /* SquatReminderUITests */,
				B0ACB028298883F000664508 /* Products */,
			);
			sourceTree = "<group>";
		};
		B0ACB028298883F000664508 /* Products */ = {
			isa = PBXGroup;
			children = (
				B0ACB027298883F000664508 /* SquatReminder.app */,
				B0ACB040298883F200664508 /* SquatReminderTests.xctest */,
				B0ACB04A298883F200664508 /* SquatReminderUITests.xctest */,
			);
			name = Products;
			sourceTree = "<group>";
		};
		B0ACB029298883F000664508 /* SquatReminder */ = {
			isa = PBXGroup;
			children = (
				B0ACB02A298883F000664508 /* AppDelegate.swift */,
				B0ACB02C298883F000664508 /* SceneDelegate.swift */,
				B0ACB06B29897DEA00664508 /* ColorManager.swift */,
				B0ACB05D29888CFB00664508 /* Home */,
				B0ACB05E29888D0700664508 /* Settings */,
				B0ACB036298883F200664508 /* Assets.xcassets */,
				B0ACB03B298883F200664508 /* Info.plist */,
				B0ACB033298883F000664508 /* SquatReminder.xcdatamodeld */,
			);
			path = SquatReminder;
			sourceTree = "<group>";
		};
		B0ACB043298883F200664508 /* SquatReminderTests */ = {
			isa = PBXGroup;
			children = (
				B0ACB044298883F200664508 /* SquatReminderTests.swift */,
			);
			path = SquatReminderTests;
			sourceTree = "<group>";
		};
		B0ACB04D298883F200664508 /* SquatReminderUITests */ = {
			isa = PBXGroup;
			children = (
				B0ACB04E298883F200664508 /* SquatReminderUITests.swift */,
				B0ACB050298883F200664508 /* SquatReminderUITestsLaunchTests.swift */,
			);
			path = SquatReminderUITests;
			sourceTree = "<group>";
		};
		B0ACB05D29888CFB00664508 /* Home */ = {
			isa = PBXGroup;
			children = (
				B0ACB0682988D6E800664508 /* Controller */,
				B0ACB0662988D58A00664508 /* View */,
				B0ACB0652988D57800664508 /* Model */,
			);
			path = Home;
			sourceTree = "<group>";
		};
		B0ACB05E29888D0700664508 /* Settings */ = {
			isa = PBXGroup;
			children = (
				B0C15954298F022E006EC7C0 /* Model */,
				B0C15956298F0241006EC7C0 /* View */,
				B0C15957298F0245006EC7C0 /* Controller */,
			);
			path = Settings;
			sourceTree = "<group>";
		};
		B0ACB0652988D57800664508 /* Model */ = {
			isa = PBXGroup;
			children = (
			);
			path = Model;
			sourceTree = "<group>";
		};
		B0ACB0662988D58A00664508 /* View */ = {
			isa = PBXGroup;
			children = (
				B0ACB0692988D77400664508 /* Buttons.swift */,
				B0ACB085298B2B4800664508 /* CardView.swift */,
				B0ACB06D298985FF00664508 /* TodayView.swift */,
				B0ACB0732989996800664508 /* WeeklyView.swift */,
				B0ACB0712989860F00664508 /* MonthView.swift */,
				B0C15951298EBEF0006EC7C0 /* DescriptionLabel.swift */,
				B0ACB0792989DAA200664508 /* WelcomeView.swift */,
				B07973ED298D894600338BA1 /* SpacedLabel.swift */,
			);
			path = View;
			sourceTree = "<group>";
		};
		B0ACB0682988D6E800664508 /* Controller */ = {
			isa = PBXGroup;
			children = (
				B0ACB02E298883F000664508 /* HomeVC.swift */,
			);
			path = Controller;
			sourceTree = "<group>";
		};
		B0C15954298F022E006EC7C0 /* Model */ = {
			isa = PBXGroup;
			children = (
			);
			path = Model;
			sourceTree = "<group>";
		};
		B0C15956298F0241006EC7C0 /* View */ = {
			isa = PBXGroup;
			children = (
				B0C15958298F025D006EC7C0 /* NotificationView.swift */,
				B0C1595C298F25B6006EC7C0 /* MaxSquatView.swift */,
				B0C1595A298F04E3006EC7C0 /* SquatButtonView.swift */,
			);
			path = View;
			sourceTree = "<group>";
		};
		B0C15957298F0245006EC7C0 /* Controller */ = {
			isa = PBXGroup;
			children = (
				B0ACB0772989BBB900664508 /* SettingsVC.swift */,
			);
			path = Controller;
			sourceTree = "<group>";
		};
/* End PBXGroup section */

/* Begin PBXNativeTarget section */
		B0ACB026298883F000664508 /* SquatReminder */ = {
			isa = PBXNativeTarget;
			buildConfigurationList = B0ACB054298883F200664508 /* Build configuration list for PBXNativeTarget "SquatReminder" */;
			buildPhases = (
				B0ACB023298883F000664508 /* Sources */,
				B0ACB024298883F000664508 /* Frameworks */,
				B0ACB025298883F000664508 /* Resources */,
			);
			buildRules = (
			);
			dependencies = (
			);
			name = SquatReminder;
			packageProductDependencies = (
				B0ACB081298AEA4B00664508 /* BarChartKit-static */,
				B07973EB298C6F2500338BA1 /* HorizonCalendar */,
			);
			productName = SquatReminder;
			productReference = B0ACB027298883F000664508 /* SquatReminder.app */;
			productType = "com.apple.product-type.application";
		};
		B0ACB03F298883F200664508 /* SquatReminderTests */ = {
			isa = PBXNativeTarget;
			buildConfigurationList = B0ACB057298883F200664508 /* Build configuration list for PBXNativeTarget "SquatReminderTests" */;
			buildPhases = (
				B0ACB03C298883F200664508 /* Sources */,
				B0ACB03D298883F200664508 /* Frameworks */,
				B0ACB03E298883F200664508 /* Resources */,
			);
			buildRules = (
			);
			dependencies = (
				B0ACB042298883F200664508 /* PBXTargetDependency */,
			);
			name = SquatReminderTests;
			productName = SquatReminderTests;
			productReference = B0ACB040298883F200664508 /* SquatReminderTests.xctest */;
			productType = "com.apple.product-type.bundle.unit-test";
		};
		B0ACB049298883F200664508 /* SquatReminderUITests */ = {
			isa = PBXNativeTarget;
			buildConfigurationList = B0ACB05A298883F200664508 /* Build configuration list for PBXNativeTarget "SquatReminderUITests" */;
			buildPhases = (
				B0ACB046298883F200664508 /* Sources */,
				B0ACB047298883F200664508 /* Frameworks */,
				B0ACB048298883F200664508 /* Resources */,
			);
			buildRules = (
			);
			dependencies = (
				B0ACB04C298883F200664508 /* PBXTargetDependency */,
			);
			name = SquatReminderUITests;
			productName = SquatReminderUITests;
			productReference = B0ACB04A298883F200664508 /* SquatReminderUITests.xctest */;
			productType = "com.apple.product-type.bundle.ui-testing";
		};
/* End PBXNativeTarget section */

/* Begin PBXProject section */
		B0ACB01F298883F000664508 /* Project object */ = {
			isa = PBXProject;
			attributes = {
				BuildIndependentTargetsInParallel = 1;
				LastSwiftUpdateCheck = 1420;
				LastUpgradeCheck = 1420;
				TargetAttributes = {
					B0ACB026298883F000664508 = {
						CreatedOnToolsVersion = 14.2;
					};
					B0ACB03F298883F200664508 = {
						CreatedOnToolsVersion = 14.2;
						TestTargetID = B0ACB026298883F000664508;
					};
					B0ACB049298883F200664508 = {
						CreatedOnToolsVersion = 14.2;
						TestTargetID = B0ACB026298883F000664508;
					};
				};
			};
			buildConfigurationList = B0ACB022298883F000664508 /* Build configuration list for PBXProject "SquatReminder" */;
			compatibilityVersion = "Xcode 14.0";
			developmentRegion = en;
			hasScannedForEncodings = 0;
			knownRegions = (
				en,
				Base,
			);
			mainGroup = B0ACB01E298883F000664508;
			packageReferences = (
				B0ACB080298AEA4B00664508 /* XCRemoteSwiftPackageReference "BarChart" */,
				B07973EA298C6F2500338BA1 /* XCRemoteSwiftPackageReference "HorizonCalendar" */,
			);
			productRefGroup = B0ACB028298883F000664508 /* Products */;
			projectDirPath = "";
			projectRoot = "";
			targets = (
				B0ACB026298883F000664508 /* SquatReminder */,
				B0ACB03F298883F200664508 /* SquatReminderTests */,
				B0ACB049298883F200664508 /* SquatReminderUITests */,
			);
		};
/* End PBXProject section */

/* Begin PBXResourcesBuildPhase section */
		B0ACB025298883F000664508 /* Resources */ = {
			isa = PBXResourcesBuildPhase;
			buildActionMask = 2147483647;
			files = (
				B0ACB037298883F200664508 /* Assets.xcassets in Resources */,
			);
			runOnlyForDeploymentPostprocessing = 0;
		};
		B0ACB03E298883F200664508 /* Resources */ = {
			isa = PBXResourcesBuildPhase;
			buildActionMask = 2147483647;
			files = (
			);
			runOnlyForDeploymentPostprocessing = 0;
		};
		B0ACB048298883F200664508 /* Resources */ = {
			isa = PBXResourcesBuildPhase;
			buildActionMask = 2147483647;
			files = (
			);
			runOnlyForDeploymentPostprocessing = 0;
		};
/* End PBXResourcesBuildPhase section */

/* Begin PBXSourcesBuildPhase section */
		B0ACB023298883F000664508 /* Sources */ = {
			isa = PBXSourcesBuildPhase;
			buildActionMask = 2147483647;
			files = (
				B0C1595D298F25B6006EC7C0 /* MaxSquatView.swift in Sources */,
				B0ACB06A2988D77400664508 /* Buttons.swift in Sources */,
				B0ACB02F298883F000664508 /* HomeVC.swift in Sources */,
				B0ACB02B298883F000664508 /* AppDelegate.swift in Sources */,
				B0ACB0782989BBB900664508 /* SettingsVC.swift in Sources */,
				B0ACB06E298985FF00664508 /* TodayView.swift in Sources */,
				B0ACB06C29897DEA00664508 /* ColorManager.swift in Sources */,
				B0C1595B298F04E3006EC7C0 /* SquatButtonView.swift in Sources */,
				B0ACB07A2989DAA200664508 /* WelcomeView.swift in Sources */,
				B0ACB035298883F000664508 /* SquatReminder.xcdatamodeld in Sources */,
				B0ACB0742989996800664508 /* WeeklyView.swift in Sources */,
				B0C15952298EBEF0006EC7C0 /* DescriptionLabel.swift in Sources */,
				B0ACB0722989860F00664508 /* MonthView.swift in Sources */,
				B0ACB086298B2B4800664508 /* CardView.swift in Sources */,
				B07973EE298D894600338BA1 /* SpacedLabel.swift in Sources */,
				B0ACB02D298883F000664508 /* SceneDelegate.swift in Sources */,
				B0C15959298F025D006EC7C0 /* NotificationView.swift in Sources */,
			);
			runOnlyForDeploymentPostprocessing = 0;
		};
		B0ACB03C298883F200664508 /* Sources */ = {
			isa = PBXSourcesBuildPhase;
			buildActionMask = 2147483647;
			files = (
				B0ACB045298883F200664508 /* SquatReminderTests.swift in Sources */,
			);
			runOnlyForDeploymentPostprocessing = 0;
		};
		B0ACB046298883F200664508 /* Sources */ = {
			isa = PBXSourcesBuildPhase;
			buildActionMask = 2147483647;
			files = (
				B0ACB04F298883F200664508 /* SquatReminderUITests.swift in Sources */,
				B0ACB051298883F200664508 /* SquatReminderUITestsLaunchTests.swift in Sources */,
			);
			runOnlyForDeploymentPostprocessing = 0;
		};
/* End PBXSourcesBuildPhase section */

/* Begin PBXTargetDependency section */
		B0ACB042298883F200664508 /* PBXTargetDependency */ = {
			isa = PBXTargetDependency;
			target = B0ACB026298883F000664508 /* SquatReminder */;
			targetProxy = B0ACB041298883F200664508 /* PBXContainerItemProxy */;
		};
		B0ACB04C298883F200664508 /* PBXTargetDependency */ = {
			isa = PBXTargetDependency;
			target = B0ACB026298883F000664508 /* SquatReminder */;
			targetProxy = B0ACB04B298883F200664508 /* PBXContainerItemProxy */;
		};
/* End PBXTargetDependency section */

/* Begin XCBuildConfiguration section */
		B0ACB052298883F200664508 /* Debug */ = {
			isa = XCBuildConfiguration;
			buildSettings = {
				ALWAYS_SEARCH_USER_PATHS = NO;
				CLANG_ANALYZER_NONNULL = YES;
				CLANG_ANALYZER_NUMBER_OBJECT_CONVERSION = YES_AGGRESSIVE;
				CLANG_CXX_LANGUAGE_STANDARD = "gnu++20";
				CLANG_ENABLE_MODULES = YES;
				CLANG_ENABLE_OBJC_ARC = YES;
				CLANG_ENABLE_OBJC_WEAK = YES;
				CLANG_WARN_BLOCK_CAPTURE_AUTORELEASING = YES;
				CLANG_WARN_BOOL_CONVERSION = YES;
				CLANG_WARN_COMMA = YES;
				CLANG_WARN_CONSTANT_CONVERSION = YES;
				CLANG_WARN_DEPRECATED_OBJC_IMPLEMENTATIONS = YES;
				CLANG_WARN_DIRECT_OBJC_ISA_USAGE = YES_ERROR;
				CLANG_WARN_DOCUMENTATION_COMMENTS = YES;
				CLANG_WARN_EMPTY_BODY = YES;
				CLANG_WARN_ENUM_CONVERSION = YES;
				CLANG_WARN_INFINITE_RECURSION = YES;
				CLANG_WARN_INT_CONVERSION = YES;
				CLANG_WARN_NON_LITERAL_NULL_CONVERSION = YES;
				CLANG_WARN_OBJC_IMPLICIT_RETAIN_SELF = YES;
				CLANG_WARN_OBJC_LITERAL_CONVERSION = YES;
				CLANG_WARN_OBJC_ROOT_CLASS = YES_ERROR;
				CLANG_WARN_QUOTED_INCLUDE_IN_FRAMEWORK_HEADER = YES;
				CLANG_WARN_RANGE_LOOP_ANALYSIS = YES;
				CLANG_WARN_STRICT_PROTOTYPES = YES;
				CLANG_WARN_SUSPICIOUS_MOVE = YES;
				CLANG_WARN_UNGUARDED_AVAILABILITY = YES_AGGRESSIVE;
				CLANG_WARN_UNREACHABLE_CODE = YES;
				CLANG_WARN__DUPLICATE_METHOD_MATCH = YES;
				COPY_PHASE_STRIP = NO;
				DEBUG_INFORMATION_FORMAT = dwarf;
				ENABLE_STRICT_OBJC_MSGSEND = YES;
				ENABLE_TESTABILITY = YES;
				GCC_C_LANGUAGE_STANDARD = gnu11;
				GCC_DYNAMIC_NO_PIC = NO;
				GCC_NO_COMMON_BLOCKS = YES;
				GCC_OPTIMIZATION_LEVEL = 0;
				GCC_PREPROCESSOR_DEFINITIONS = (
					"DEBUG=1",
					"$(inherited)",
				);
				GCC_WARN_64_TO_32_BIT_CONVERSION = YES;
				GCC_WARN_ABOUT_RETURN_TYPE = YES_ERROR;
				GCC_WARN_UNDECLARED_SELECTOR = YES;
				GCC_WARN_UNINITIALIZED_AUTOS = YES_AGGRESSIVE;
				GCC_WARN_UNUSED_FUNCTION = YES;
				GCC_WARN_UNUSED_VARIABLE = YES;
				IPHONEOS_DEPLOYMENT_TARGET = 15.0;
				MTL_ENABLE_DEBUG_INFO = INCLUDE_SOURCE;
				MTL_FAST_MATH = YES;
				ONLY_ACTIVE_ARCH = YES;
				SDKROOT = iphoneos;
				SWIFT_ACTIVE_COMPILATION_CONDITIONS = DEBUG;
				SWIFT_OPTIMIZATION_LEVEL = "-Onone";
			};
			name = Debug;
		};
		B0ACB053298883F200664508 /* Release */ = {
			isa = XCBuildConfiguration;
			buildSettings = {
				ALWAYS_SEARCH_USER_PATHS = NO;
				CLANG_ANALYZER_NONNULL = YES;
				CLANG_ANALYZER_NUMBER_OBJECT_CONVERSION = YES_AGGRESSIVE;
				CLANG_CXX_LANGUAGE_STANDARD = "gnu++20";
				CLANG_ENABLE_MODULES = YES;
				CLANG_ENABLE_OBJC_ARC = YES;
				CLANG_ENABLE_OBJC_WEAK = YES;
				CLANG_WARN_BLOCK_CAPTURE_AUTORELEASING = YES;
				CLANG_WARN_BOOL_CONVERSION = YES;
				CLANG_WARN_COMMA = YES;
				CLANG_WARN_CONSTANT_CONVERSION = YES;
				CLANG_WARN_DEPRECATED_OBJC_IMPLEMENTATIONS = YES;
				CLANG_WARN_DIRECT_OBJC_ISA_USAGE = YES_ERROR;
				CLANG_WARN_DOCUMENTATION_COMMENTS = YES;
				CLANG_WARN_EMPTY_BODY = YES;
				CLANG_WARN_ENUM_CONVERSION = YES;
				CLANG_WARN_INFINITE_RECURSION = YES;
				CLANG_WARN_INT_CONVERSION = YES;
				CLANG_WARN_NON_LITERAL_NULL_CONVERSION = YES;
				CLANG_WARN_OBJC_IMPLICIT_RETAIN_SELF = YES;
				CLANG_WARN_OBJC_LITERAL_CONVERSION = YES;
				CLANG_WARN_OBJC_ROOT_CLASS = YES_ERROR;
				CLANG_WARN_QUOTED_INCLUDE_IN_FRAMEWORK_HEADER = YES;
				CLANG_WARN_RANGE_LOOP_ANALYSIS = YES;
				CLANG_WARN_STRICT_PROTOTYPES = YES;
				CLANG_WARN_SUSPICIOUS_MOVE = YES;
				CLANG_WARN_UNGUARDED_AVAILABILITY = YES_AGGRESSIVE;
				CLANG_WARN_UNREACHABLE_CODE = YES;
				CLANG_WARN__DUPLICATE_METHOD_MATCH = YES;
				COPY_PHASE_STRIP = NO;
				DEBUG_INFORMATION_FORMAT = "dwarf-with-dsym";
				ENABLE_NS_ASSERTIONS = NO;
				ENABLE_STRICT_OBJC_MSGSEND = YES;
				GCC_C_LANGUAGE_STANDARD = gnu11;
				GCC_NO_COMMON_BLOCKS = YES;
				GCC_WARN_64_TO_32_BIT_CONVERSION = YES;
				GCC_WARN_ABOUT_RETURN_TYPE = YES_ERROR;
				GCC_WARN_UNDECLARED_SELECTOR = YES;
				GCC_WARN_UNINITIALIZED_AUTOS = YES_AGGRESSIVE;
				GCC_WARN_UNUSED_FUNCTION = YES;
				GCC_WARN_UNUSED_VARIABLE = YES;
				IPHONEOS_DEPLOYMENT_TARGET = 15.0;
				MTL_ENABLE_DEBUG_INFO = NO;
				MTL_FAST_MATH = YES;
				SDKROOT = iphoneos;
				SWIFT_COMPILATION_MODE = wholemodule;
				SWIFT_OPTIMIZATION_LEVEL = "-O";
				VALIDATE_PRODUCT = YES;
			};
			name = Release;
		};
		B0ACB055298883F200664508 /* Debug */ = {
			isa = XCBuildConfiguration;
			buildSettings = {
				ASSETCATALOG_COMPILER_APPICON_NAME = AppIcon;
				ASSETCATALOG_COMPILER_GLOBAL_ACCENT_COLOR_NAME = AccentColor;
				CODE_SIGN_STYLE = Automatic;
				CURRENT_PROJECT_VERSION = 1;
				DEVELOPMENT_TEAM = MAKTT332B3;
				GENERATE_INFOPLIST_FILE = YES;
				INFOPLIST_FILE = SquatReminder/Info.plist;
				INFOPLIST_KEY_UIApplicationSupportsIndirectInputEvents = YES;
				INFOPLIST_KEY_UILaunchStoryboardName = LaunchScreen;
				INFOPLIST_KEY_UISupportedInterfaceOrientations_iPad = "UIInterfaceOrientationPortrait UIInterfaceOrientationPortraitUpsideDown UIInterfaceOrientationLandscapeLeft UIInterfaceOrientationLandscapeRight";
				INFOPLIST_KEY_UISupportedInterfaceOrientations_iPhone = "UIInterfaceOrientationPortrait UIInterfaceOrientationLandscapeLeft UIInterfaceOrientationLandscapeRight";
				IPHONEOS_DEPLOYMENT_TARGET = 15.0;
				LD_RUNPATH_SEARCH_PATHS = (
					"$(inherited)",
					"@executable_path/Frameworks",
				);
				MARKETING_VERSION = 1.0;
				PRODUCT_BUNDLE_IDENTIFIER = com.susiechhuor.SquatReminder;
				PRODUCT_NAME = "$(TARGET_NAME)";
				SUPPORTED_PLATFORMS = "iphoneos iphonesimulator";
				SUPPORTS_MACCATALYST = NO;
				SUPPORTS_MAC_DESIGNED_FOR_IPHONE_IPAD = NO;
				SWIFT_EMIT_LOC_STRINGS = YES;
				SWIFT_VERSION = 5.0;
				TARGETED_DEVICE_FAMILY = 1;
			};
			name = Debug;
		};
		B0ACB056298883F200664508 /* Release */ = {
			isa = XCBuildConfiguration;
			buildSettings = {
				ASSETCATALOG_COMPILER_APPICON_NAME = AppIcon;
				ASSETCATALOG_COMPILER_GLOBAL_ACCENT_COLOR_NAME = AccentColor;
				CODE_SIGN_STYLE = Automatic;
				CURRENT_PROJECT_VERSION = 1;
				DEVELOPMENT_TEAM = MAKTT332B3;
				GENERATE_INFOPLIST_FILE = YES;
				INFOPLIST_FILE = SquatReminder/Info.plist;
				INFOPLIST_KEY_UIApplicationSupportsIndirectInputEvents = YES;
				INFOPLIST_KEY_UILaunchStoryboardName = LaunchScreen;
				INFOPLIST_KEY_UISupportedInterfaceOrientations_iPad = "UIInterfaceOrientationPortrait UIInterfaceOrientationPortraitUpsideDown UIInterfaceOrientationLandscapeLeft UIInterfaceOrientationLandscapeRight";
				INFOPLIST_KEY_UISupportedInterfaceOrientations_iPhone = "UIInterfaceOrientationPortrait UIInterfaceOrientationLandscapeLeft UIInterfaceOrientationLandscapeRight";
				IPHONEOS_DEPLOYMENT_TARGET = 15.0;
				LD_RUNPATH_SEARCH_PATHS = (
					"$(inherited)",
					"@executable_path/Frameworks",
				);
				MARKETING_VERSION = 1.0;
				PRODUCT_BUNDLE_IDENTIFIER = com.susiechhuor.SquatReminder;
				PRODUCT_NAME = "$(TARGET_NAME)";
				SUPPORTED_PLATFORMS = "iphoneos iphonesimulator";
				SUPPORTS_MACCATALYST = NO;
				SUPPORTS_MAC_DESIGNED_FOR_IPHONE_IPAD = NO;
				SWIFT_EMIT_LOC_STRINGS = YES;
				SWIFT_VERSION = 5.0;
				TARGETED_DEVICE_FAMILY = 1;
			};
			name = Release;
		};
		B0ACB058298883F200664508 /* Debug */ = {
			isa = XCBuildConfiguration;
			buildSettings = {
				ALWAYS_EMBED_SWIFT_STANDARD_LIBRARIES = YES;
				BUNDLE_LOADER = "$(TEST_HOST)";
				CODE_SIGN_STYLE = Automatic;
				CURRENT_PROJECT_VERSION = 1;
				DEVELOPMENT_TEAM = MAKTT332B3;
				GENERATE_INFOPLIST_FILE = YES;
				IPHONEOS_DEPLOYMENT_TARGET = 16.2;
				MARKETING_VERSION = 1.0;
				PRODUCT_BUNDLE_IDENTIFIER = com.susiechhuor.SquatReminderTests;
				PRODUCT_NAME = "$(TARGET_NAME)";
				SWIFT_EMIT_LOC_STRINGS = NO;
				SWIFT_VERSION = 5.0;
				TARGETED_DEVICE_FAMILY = "1,2";
				TEST_HOST = "$(BUILT_PRODUCTS_DIR)/SquatReminder.app/$(BUNDLE_EXECUTABLE_FOLDER_PATH)/SquatReminder";
			};
			name = Debug;
		};
		B0ACB059298883F200664508 /* Release */ = {
			isa = XCBuildConfiguration;
			buildSettings = {
				ALWAYS_EMBED_SWIFT_STANDARD_LIBRARIES = YES;
				BUNDLE_LOADER = "$(TEST_HOST)";
				CODE_SIGN_STYLE = Automatic;
				CURRENT_PROJECT_VERSION = 1;
				DEVELOPMENT_TEAM = MAKTT332B3;
				GENERATE_INFOPLIST_FILE = YES;
				IPHONEOS_DEPLOYMENT_TARGET = 16.2;
				MARKETING_VERSION = 1.0;
				PRODUCT_BUNDLE_IDENTIFIER = com.susiechhuor.SquatReminderTests;
				PRODUCT_NAME = "$(TARGET_NAME)";
				SWIFT_EMIT_LOC_STRINGS = NO;
				SWIFT_VERSION = 5.0;
				TARGETED_DEVICE_FAMILY = "1,2";
				TEST_HOST = "$(BUILT_PRODUCTS_DIR)/SquatReminder.app/$(BUNDLE_EXECUTABLE_FOLDER_PATH)/SquatReminder";
			};
			name = Release;
		};
		B0ACB05B298883F200664508 /* Debug */ = {
			isa = XCBuildConfiguration;
			buildSettings = {
				ALWAYS_EMBED_SWIFT_STANDARD_LIBRARIES = YES;
				CODE_SIGN_STYLE = Automatic;
				CURRENT_PROJECT_VERSION = 1;
				DEVELOPMENT_TEAM = MAKTT332B3;
				GENERATE_INFOPLIST_FILE = YES;
				MARKETING_VERSION = 1.0;
				PRODUCT_BUNDLE_IDENTIFIER = com.susiechhuor.SquatReminderUITests;
				PRODUCT_NAME = "$(TARGET_NAME)";
				SWIFT_EMIT_LOC_STRINGS = NO;
				SWIFT_VERSION = 5.0;
				TARGETED_DEVICE_FAMILY = "1,2";
				TEST_TARGET_NAME = SquatReminder;
			};
			name = Debug;
		};
		B0ACB05C298883F200664508 /* Release */ = {
			isa = XCBuildConfiguration;
			buildSettings = {
				ALWAYS_EMBED_SWIFT_STANDARD_LIBRARIES = YES;
				CODE_SIGN_STYLE = Automatic;
				CURRENT_PROJECT_VERSION = 1;
				DEVELOPMENT_TEAM = MAKTT332B3;
				GENERATE_INFOPLIST_FILE = YES;
				MARKETING_VERSION = 1.0;
				PRODUCT_BUNDLE_IDENTIFIER = com.susiechhuor.SquatReminderUITests;
				PRODUCT_NAME = "$(TARGET_NAME)";
				SWIFT_EMIT_LOC_STRINGS = NO;
				SWIFT_VERSION = 5.0;
				TARGETED_DEVICE_FAMILY = "1,2";
				TEST_TARGET_NAME = SquatReminder;
			};
			name = Release;
		};
/* End XCBuildConfiguration section */

/* Begin XCConfigurationList section */
		B0ACB022298883F000664508 /* Build configuration list for PBXProject "SquatReminder" */ = {
			isa = XCConfigurationList;
			buildConfigurations = (
				B0ACB052298883F200664508 /* Debug */,
				B0ACB053298883F200664508 /* Release */,
			);
			defaultConfigurationIsVisible = 0;
			defaultConfigurationName = Release;
		};
		B0ACB054298883F200664508 /* Build configuration list for PBXNativeTarget "SquatReminder" */ = {
			isa = XCConfigurationList;
			buildConfigurations = (
				B0ACB055298883F200664508 /* Debug */,
				B0ACB056298883F200664508 /* Release */,
			);
			defaultConfigurationIsVisible = 0;
			defaultConfigurationName = Release;
		};
		B0ACB057298883F200664508 /* Build configuration list for PBXNativeTarget "SquatReminderTests" */ = {
			isa = XCConfigurationList;
			buildConfigurations = (
				B0ACB058298883F200664508 /* Debug */,
				B0ACB059298883F200664508 /* Release */,
			);
			defaultConfigurationIsVisible = 0;
			defaultConfigurationName = Release;
		};
		B0ACB05A298883F200664508 /* Build configuration list for PBXNativeTarget "SquatReminderUITests" */ = {
			isa = XCConfigurationList;
			buildConfigurations = (
				B0ACB05B298883F200664508 /* Debug */,
				B0ACB05C298883F200664508 /* Release */,
			);
			defaultConfigurationIsVisible = 0;
			defaultConfigurationName = Release;
		};
/* End XCConfigurationList section */

/* Begin XCRemoteSwiftPackageReference section */
		B07973EA298C6F2500338BA1 /* XCRemoteSwiftPackageReference "HorizonCalendar" */ = {
			isa = XCRemoteSwiftPackageReference;
			repositoryURL = "https://github.com/airbnb/HorizonCalendar.git";
			requirement = {
				branch = master;
				kind = branch;
			};
		};
		B0ACB080298AEA4B00664508 /* XCRemoteSwiftPackageReference "BarChart" */ = {
			isa = XCRemoteSwiftPackageReference;
			repositoryURL = "https://github.com/marekpridal/BarChart.git";
			requirement = {
				branch = master;
				kind = branch;
			};
		};
/* End XCRemoteSwiftPackageReference section */

/* Begin XCSwiftPackageProductDependency section */
		B07973EB298C6F2500338BA1 /* HorizonCalendar */ = {
			isa = XCSwiftPackageProductDependency;
			package = B07973EA298C6F2500338BA1 /* XCRemoteSwiftPackageReference "HorizonCalendar" */;
			productName = HorizonCalendar;
		};
		B0ACB081298AEA4B00664508 /* BarChartKit-static */ = {
			isa = XCSwiftPackageProductDependency;
			package = B0ACB080298AEA4B00664508 /* XCRemoteSwiftPackageReference "BarChart" */;
			productName = "BarChartKit-static";
		};
/* End XCSwiftPackageProductDependency section */

/* Begin XCVersionGroup section */
		B0ACB033298883F000664508 /* SquatReminder.xcdatamodeld */ = {
			isa = XCVersionGroup;
			children = (
				B0ACB034298883F000664508 /* SquatReminder.xcdatamodel */,
			);
			currentVersion = B0ACB034298883F000664508 /* SquatReminder.xcdatamodel */;
			path = SquatReminder.xcdatamodeld;
			sourceTree = "<group>";
			versionGroupType = wrapper.xcdatamodel;
		};
/* End XCVersionGroup section */
	};
	rootObject = B0ACB01F298883F000664508 /* Project object */;
}
